// !$*UTF8*$!
{
	archiveVersion = 1;
	classes = {
	};
	objectVersion = 56;
	objects = {

/* Begin PBXBuildFile section */
		3F7E7900298A84470053EC17 /* RateModel.swift in Sources */ = {isa = PBXBuildFile; fileRef = 3F7E78FF298A84470053EC17 /* RateModel.swift */; };
		3F7FAA16294B65F2000C4739 /* FirebaseFirestoreSwift in Frameworks */ = {isa = PBXBuildFile; productRef = 3F7FAA15294B65F2000C4739 /* FirebaseFirestoreSwift */; };
		3FA516A42982850E00F913D8 /* TESTRatingRow.swift in Sources */ = {isa = PBXBuildFile; fileRef = 3FA516A32982850E00F913D8 /* TESTRatingRow.swift */; };
		3FA887342951B98A0094058A /* MyFilterPackage in Resources */ = {isa = PBXBuildFile; fileRef = 3FA887332951B98A0094058A /* MyFilterPackage */; };
		3FA887362951BA550094058A /* MyFilterPackage in Frameworks */ = {isa = PBXBuildFile; productRef = 3FA887352951BA550094058A /* MyFilterPackage */; };
		3FB251972947737C00BF005D /* MyFoodiePackage in Frameworks */ = {isa = PBXBuildFile; productRef = 3FB251962947737C00BF005D /* MyFoodiePackage */; };
		3FB251992947761100BF005D /* PropertyVisitedView.swift in Sources */ = {isa = PBXBuildFile; fileRef = 3FB251982947761100BF005D /* PropertyVisitedView.swift */; };
		3FB42F172940AC79000DD169 /* FoodieClientIOSApp.swift in Sources */ = {isa = PBXBuildFile; fileRef = 3FB42F162940AC79000DD169 /* FoodieClientIOSApp.swift */; };
		3FB42F192940AC79000DD169 /* ContentView.swift in Sources */ = {isa = PBXBuildFile; fileRef = 3FB42F182940AC79000DD169 /* ContentView.swift */; };
		3FB42F1B2940AC7A000DD169 /* Assets.xcassets in Resources */ = {isa = PBXBuildFile; fileRef = 3FB42F1A2940AC7A000DD169 /* Assets.xcassets */; };
		3FB42F1F2940AC7A000DD169 /* Preview Assets.xcassets in Resources */ = {isa = PBXBuildFile; fileRef = 3FB42F1E2940AC7A000DD169 /* Preview Assets.xcassets */; };
		3FB42F262940D1E1000DD169 /* MainView.swift in Sources */ = {isa = PBXBuildFile; fileRef = 3FB42F252940D1E1000DD169 /* MainView.swift */; };
		3FB42F322940E698000DD169 /* CodeScanner in Frameworks */ = {isa = PBXBuildFile; productRef = 3FB42F312940E698000DD169 /* CodeScanner */; };
		3FB42F342940E7CB000DD169 /* QRScanView.swift in Sources */ = {isa = PBXBuildFile; fileRef = 3FB42F332940E7CB000DD169 /* QRScanView.swift */; };
		3FBAD5C02987D58A00D2C8AC /* ModuloRecensione.swift in Sources */ = {isa = PBXBuildFile; fileRef = 3FBAD5BF2987D58A00D2C8AC /* ModuloRecensione.swift */; };
		3FBD7C98294F5860005A4484 /* Extension.swift in Sources */ = {isa = PBXBuildFile; fileRef = 3FBD7C97294F5860005A4484 /* Extension.swift */; };
		3FBEACB4298D24AF001882C0 /* CSPickerImage.swift in Sources */ = {isa = PBXBuildFile; fileRef = 3FBEACB3298D24AF001882C0 /* CSPickerImage.swift */; };
		3FC4A53E297199C700C0E795 /* DishRatingListView.swift in Sources */ = {isa = PBXBuildFile; fileRef = 3FC4A53D297199C700C0E795 /* DishRatingListView.swift */; };
		3FC96158295EF8FB00D0E01A /* MyPackView_L0 in Frameworks */ = {isa = PBXBuildFile; productRef = 3FC96157295EF8FB00D0E01A /* MyPackView_L0 */; };
		3FCD464529A6701400E357CD /* TestVM.swift in Sources */ = {isa = PBXBuildFile; fileRef = 3FCD464429A6701400E357CD /* TestVM.swift */; };
		3FD854042941EFF700F7CC98 /* GoogleService-Info.plist in Resources */ = {isa = PBXBuildFile; fileRef = 3FD854032941EFF700F7CC98 /* GoogleService-Info.plist */; };
		3FD854072941F0A700F7CC98 /* FirebaseAuth in Frameworks */ = {isa = PBXBuildFile; productRef = 3FD854062941F0A700F7CC98 /* FirebaseAuth */; };
		3FD854092941F0A700F7CC98 /* FirebaseDynamicLinks in Frameworks */ = {isa = PBXBuildFile; productRef = 3FD854082941F0A700F7CC98 /* FirebaseDynamicLinks */; };
		3FD8540B2941F0A700F7CC98 /* FirebaseFirestore in Frameworks */ = {isa = PBXBuildFile; productRef = 3FD8540A2941F0A700F7CC98 /* FirebaseFirestore */; };
		3FD8540D2941F0A700F7CC98 /* FirebaseStorage in Frameworks */ = {isa = PBXBuildFile; productRef = 3FD8540C2941F0A700F7CC98 /* FirebaseStorage */; };
		3FD8540F2941FAE900F7CC98 /* ClientVM.swift in Sources */ = {isa = PBXBuildFile; fileRef = 3FD8540E2941FAE900F7CC98 /* ClientVM.swift */; };
		3FE8080C296ED284001C5CDC /* DestinationPath.swift in Sources */ = {isa = PBXBuildFile; fileRef = 3FE8080B296ED284001C5CDC /* DestinationPath.swift */; };
		3FE8080E296ED600001C5CDC /* PreSelectionView.swift in Sources */ = {isa = PBXBuildFile; fileRef = 3FE8080D296ED600001C5CDC /* PreSelectionView.swift */; };
/* End PBXBuildFile section */

/* Begin PBXFileReference section */
		3F7E78FF298A84470053EC17 /* RateModel.swift */ = {isa = PBXFileReference; lastKnownFileType = sourcecode.swift; path = RateModel.swift; sourceTree = "<group>"; };
		3FA516A32982850E00F913D8 /* TESTRatingRow.swift */ = {isa = PBXFileReference; lastKnownFileType = sourcecode.swift; path = TESTRatingRow.swift; sourceTree = "<group>"; };
		3FA887332951B98A0094058A /* MyFilterPackage */ = {isa = PBXFileReference; lastKnownFileType = wrapper; name = MyFilterPackage; path = "../../[A]BackEnd/MyFilterPackage"; sourceTree = "<group>"; };
		3FB251982947761100BF005D /* PropertyVisitedView.swift */ = {isa = PBXFileReference; lastKnownFileType = sourcecode.swift; path = PropertyVisitedView.swift; sourceTree = "<group>"; };
		3FB42F132940AC79000DD169 /* FoodieClientIOS.app */ = {isa = PBXFileReference; explicitFileType = wrapper.application; includeInIndex = 0; path = FoodieClientIOS.app; sourceTree = BUILT_PRODUCTS_DIR; };
		3FB42F162940AC79000DD169 /* FoodieClientIOSApp.swift */ = {isa = PBXFileReference; lastKnownFileType = sourcecode.swift; path = FoodieClientIOSApp.swift; sourceTree = "<group>"; };
		3FB42F182940AC79000DD169 /* ContentView.swift */ = {isa = PBXFileReference; lastKnownFileType = sourcecode.swift; path = ContentView.swift; sourceTree = "<group>"; };
		3FB42F1A2940AC7A000DD169 /* Assets.xcassets */ = {isa = PBXFileReference; lastKnownFileType = folder.assetcatalog; path = Assets.xcassets; sourceTree = "<group>"; };
		3FB42F1C2940AC7A000DD169 /* FoodieClientIOS.entitlements */ = {isa = PBXFileReference; lastKnownFileType = text.plist.entitlements; path = FoodieClientIOS.entitlements; sourceTree = "<group>"; };
		3FB42F1E2940AC7A000DD169 /* Preview Assets.xcassets */ = {isa = PBXFileReference; lastKnownFileType = folder.assetcatalog; path = "Preview Assets.xcassets"; sourceTree = "<group>"; };
		3FB42F252940D1E1000DD169 /* MainView.swift */ = {isa = PBXFileReference; lastKnownFileType = sourcecode.swift; path = MainView.swift; sourceTree = "<group>"; };
		3FB42F332940E7CB000DD169 /* QRScanView.swift */ = {isa = PBXFileReference; lastKnownFileType = sourcecode.swift; path = QRScanView.swift; sourceTree = "<group>"; };
		3FBAD5BF2987D58A00D2C8AC /* ModuloRecensione.swift */ = {isa = PBXFileReference; lastKnownFileType = sourcecode.swift; path = ModuloRecensione.swift; sourceTree = "<group>"; };
		3FBD7C97294F5860005A4484 /* Extension.swift */ = {isa = PBXFileReference; lastKnownFileType = sourcecode.swift; path = Extension.swift; sourceTree = "<group>"; };
		3FBEACB3298D24AF001882C0 /* CSPickerImage.swift */ = {isa = PBXFileReference; lastKnownFileType = sourcecode.swift; path = CSPickerImage.swift; sourceTree = "<group>"; };
		3FC4A53D297199C700C0E795 /* DishRatingListView.swift */ = {isa = PBXFileReference; lastKnownFileType = sourcecode.swift; path = DishRatingListView.swift; sourceTree = "<group>"; };
		3FCD464429A6701400E357CD /* TestVM.swift */ = {isa = PBXFileReference; lastKnownFileType = sourcecode.swift; path = TestVM.swift; sourceTree = "<group>"; };
		3FD854032941EFF700F7CC98 /* GoogleService-Info.plist */ = {isa = PBXFileReference; fileEncoding = 4; lastKnownFileType = text.plist.xml; path = "GoogleService-Info.plist"; sourceTree = "<group>"; };
		3FD8540E2941FAE900F7CC98 /* ClientVM.swift */ = {isa = PBXFileReference; lastKnownFileType = sourcecode.swift; path = ClientVM.swift; sourceTree = "<group>"; };
		3FE8080B296ED284001C5CDC /* DestinationPath.swift */ = {isa = PBXFileReference; lastKnownFileType = sourcecode.swift; path = DestinationPath.swift; sourceTree = "<group>"; };
		3FE8080D296ED600001C5CDC /* PreSelectionView.swift */ = {isa = PBXFileReference; lastKnownFileType = sourcecode.swift; path = PreSelectionView.swift; sourceTree = "<group>"; };
/* End PBXFileReference section */

/* Begin PBXFrameworksBuildPhase section */
		3FB42F102940AC79000DD169 /* Frameworks */ = {
			isa = PBXFrameworksBuildPhase;
			buildActionMask = 2147483647;
			files = (
				3FB42F322940E698000DD169 /* CodeScanner in Frameworks */,
				3FD854072941F0A700F7CC98 /* FirebaseAuth in Frameworks */,
				3FD8540D2941F0A700F7CC98 /* FirebaseStorage in Frameworks */,
				3FD854092941F0A700F7CC98 /* FirebaseDynamicLinks in Frameworks */,
				3FC96158295EF8FB00D0E01A /* MyPackView_L0 in Frameworks */,
				3FB251972947737C00BF005D /* MyFoodiePackage in Frameworks */,
				3FD8540B2941F0A700F7CC98 /* FirebaseFirestore in Frameworks */,
				3FA887362951BA550094058A /* MyFilterPackage in Frameworks */,
				3F7FAA16294B65F2000C4739 /* FirebaseFirestoreSwift in Frameworks */,
			);
			runOnlyForDeploymentPostprocessing = 0;
		};
/* End PBXFrameworksBuildPhase section */

/* Begin PBXGroup section */
		3F7FAA14294B65F2000C4739 /* Frameworks */ = {
			isa = PBXGroup;
			children = (
			);
			name = Frameworks;
			sourceTree = "<group>";
		};
		3FB42F0A2940AC79000DD169 = {
			isa = PBXGroup;
			children = (
				3FA887332951B98A0094058A /* MyFilterPackage */,
				3FB42F152940AC79000DD169 /* FoodieClientIOS */,
				3FB42F142940AC79000DD169 /* Products */,
				3F7FAA14294B65F2000C4739 /* Frameworks */,
			);
			sourceTree = "<group>";
		};
		3FB42F142940AC79000DD169 /* Products */ = {
			isa = PBXGroup;
			children = (
				3FB42F132940AC79000DD169 /* FoodieClientIOS.app */,
			);
			name = Products;
			sourceTree = "<group>";
		};
		3FB42F152940AC79000DD169 /* FoodieClientIOS */ = {
			isa = PBXGroup;
			children = (
				3FB42F162940AC79000DD169 /* FoodieClientIOSApp.swift */,
				3FB42F182940AC79000DD169 /* ContentView.swift */,
				3FB42F252940D1E1000DD169 /* MainView.swift */,
				3FB42F332940E7CB000DD169 /* QRScanView.swift */,
				3FE8080B296ED284001C5CDC /* DestinationPath.swift */,
				3FD8540E2941FAE900F7CC98 /* ClientVM.swift */,
				3FBD7C97294F5860005A4484 /* Extension.swift */,
				3FB251982947761100BF005D /* PropertyVisitedView.swift */,
				3FE8080D296ED600001C5CDC /* PreSelectionView.swift */,
				3FC4A53D297199C700C0E795 /* DishRatingListView.swift */,
				3FBAD5BF2987D58A00D2C8AC /* ModuloRecensione.swift */,
				3FBEACB3298D24AF001882C0 /* CSPickerImage.swift */,
				3FA516A32982850E00F913D8 /* TESTRatingRow.swift */,
				3FB42F1A2940AC7A000DD169 /* Assets.xcassets */,
				3FB42F1C2940AC7A000DD169 /* FoodieClientIOS.entitlements */,
				3FD854032941EFF700F7CC98 /* GoogleService-Info.plist */,
				3FB42F1D2940AC7A000DD169 /* Preview Content */,
				3F7E78FF298A84470053EC17 /* RateModel.swift */,
				3FCD464429A6701400E357CD /* TestVM.swift */,
			);
			path = FoodieClientIOS;
			sourceTree = "<group>";
		};
		3FB42F1D2940AC7A000DD169 /* Preview Content */ = {
			isa = PBXGroup;
			children = (
				3FB42F1E2940AC7A000DD169 /* Preview Assets.xcassets */,
			);
			path = "Preview Content";
			sourceTree = "<group>";
		};
/* End PBXGroup section */

/* Begin PBXNativeTarget section */
		3FB42F122940AC79000DD169 /* FoodieClientIOS */ = {
			isa = PBXNativeTarget;
			buildConfigurationList = 3FB42F222940AC7A000DD169 /* Build configuration list for PBXNativeTarget "FoodieClientIOS" */;
			buildPhases = (
				3FB42F0F2940AC79000DD169 /* Sources */,
				3FB42F102940AC79000DD169 /* Frameworks */,
				3FB42F112940AC79000DD169 /* Resources */,
			);
			buildRules = (
			);
			dependencies = (
			);
			name = FoodieClientIOS;
			packageProductDependencies = (
				3FB42F312940E698000DD169 /* CodeScanner */,
				3FD854062941F0A700F7CC98 /* FirebaseAuth */,
				3FD854082941F0A700F7CC98 /* FirebaseDynamicLinks */,
				3FD8540A2941F0A700F7CC98 /* FirebaseFirestore */,
				3FD8540C2941F0A700F7CC98 /* FirebaseStorage */,
				3FB251962947737C00BF005D /* MyFoodiePackage */,
				3F7FAA15294B65F2000C4739 /* FirebaseFirestoreSwift */,
				3FA887352951BA550094058A /* MyFilterPackage */,
				3FC96157295EF8FB00D0E01A /* MyPackView_L0 */,
			);
			productName = FoodieClientIOS;
			productReference = 3FB42F132940AC79000DD169 /* FoodieClientIOS.app */;
			productType = "com.apple.product-type.application";
		};
/* End PBXNativeTarget section */

/* Begin PBXProject section */
		3FB42F0B2940AC79000DD169 /* Project object */ = {
			isa = PBXProject;
			attributes = {
				BuildIndependentTargetsInParallel = 1;
				LastSwiftUpdateCheck = 1410;
				LastUpgradeCheck = 1410;
				TargetAttributes = {
					3FB42F122940AC79000DD169 = {
						CreatedOnToolsVersion = 14.1;
					};
				};
			};
			buildConfigurationList = 3FB42F0E2940AC79000DD169 /* Build configuration list for PBXProject "FoodieClientIOS" */;
			compatibilityVersion = "Xcode 14.0";
			developmentRegion = en;
			hasScannedForEncodings = 0;
			knownRegions = (
				en,
				Base,
			);
			mainGroup = 3FB42F0A2940AC79000DD169;
			packageReferences = (
				3FB42F272940D415000DD169 /* XCRemoteSwiftPackageReference "MyPackView_L0" */,
				3FB42F302940E698000DD169 /* XCRemoteSwiftPackageReference "CodeScanner" */,
				3FD854052941F0A700F7CC98 /* XCRemoteSwiftPackageReference "firebase-ios-sdk" */,
				3FB251952947737C00BF005D /* XCRemoteSwiftPackageReference "MyFoodiePackage_IOS" */,
			);
			productRefGroup = 3FB42F142940AC79000DD169 /* Products */;
			projectDirPath = "";
			projectRoot = "";
			targets = (
				3FB42F122940AC79000DD169 /* FoodieClientIOS */,
			);
		};
/* End PBXProject section */

/* Begin PBXResourcesBuildPhase section */
		3FB42F112940AC79000DD169 /* Resources */ = {
			isa = PBXResourcesBuildPhase;
			buildActionMask = 2147483647;
			files = (
				3FB42F1F2940AC7A000DD169 /* Preview Assets.xcassets in Resources */,
				3FB42F1B2940AC7A000DD169 /* Assets.xcassets in Resources */,
				3FD854042941EFF700F7CC98 /* GoogleService-Info.plist in Resources */,
				3FA887342951B98A0094058A /* MyFilterPackage in Resources */,
			);
			runOnlyForDeploymentPostprocessing = 0;
		};
/* End PBXResourcesBuildPhase section */

/* Begin PBXSourcesBuildPhase section */
		3FB42F0F2940AC79000DD169 /* Sources */ = {
			isa = PBXSourcesBuildPhase;
			buildActionMask = 2147483647;
			files = (
				3FC4A53E297199C700C0E795 /* DishRatingListView.swift in Sources */,
				3FB42F192940AC79000DD169 /* ContentView.swift in Sources */,
				3FE8080E296ED600001C5CDC /* PreSelectionView.swift in Sources */,
				3FB42F262940D1E1000DD169 /* MainView.swift in Sources */,
				3FBAD5C02987D58A00D2C8AC /* ModuloRecensione.swift in Sources */,
				3F7E7900298A84470053EC17 /* RateModel.swift in Sources */,
				3FB251992947761100BF005D /* PropertyVisitedView.swift in Sources */,
				3FBD7C98294F5860005A4484 /* Extension.swift in Sources */,
				3FB42F342940E7CB000DD169 /* QRScanView.swift in Sources */,
				3FB42F172940AC79000DD169 /* FoodieClientIOSApp.swift in Sources */,
				3FCD464529A6701400E357CD /* TestVM.swift in Sources */,
				3FD8540F2941FAE900F7CC98 /* ClientVM.swift in Sources */,
				3FE8080C296ED284001C5CDC /* DestinationPath.swift in Sources */,
				3FA516A42982850E00F913D8 /* TESTRatingRow.swift in Sources */,
				3FBEACB4298D24AF001882C0 /* CSPickerImage.swift in Sources */,
			);
			runOnlyForDeploymentPostprocessing = 0;
		};
/* End PBXSourcesBuildPhase section */

/* Begin XCBuildConfiguration section */
		3FB42F202940AC7A000DD169 /* Debug */ = {
			isa = XCBuildConfiguration;
			buildSettings = {
				ALWAYS_SEARCH_USER_PATHS = NO;
				CLANG_ANALYZER_NONNULL = YES;
				CLANG_ANALYZER_NUMBER_OBJECT_CONVERSION = YES_AGGRESSIVE;
				CLANG_CXX_LANGUAGE_STANDARD = "gnu++20";
				CLANG_ENABLE_MODULES = YES;
				CLANG_ENABLE_OBJC_ARC = YES;
				CLANG_ENABLE_OBJC_WEAK = YES;
				CLANG_WARN_BLOCK_CAPTURE_AUTORELEASING = YES;
				CLANG_WARN_BOOL_CONVERSION = YES;
				CLANG_WARN_COMMA = YES;
				CLANG_WARN_CONSTANT_CONVERSION = YES;
				CLANG_WARN_DEPRECATED_OBJC_IMPLEMENTATIONS = YES;
				CLANG_WARN_DIRECT_OBJC_ISA_USAGE = YES_ERROR;
				CLANG_WARN_DOCUMENTATION_COMMENTS = YES;
				CLANG_WARN_EMPTY_BODY = YES;
				CLANG_WARN_ENUM_CONVERSION = YES;
				CLANG_WARN_INFINITE_RECURSION = YES;
				CLANG_WARN_INT_CONVERSION = YES;
				CLANG_WARN_NON_LITERAL_NULL_CONVERSION = YES;
				CLANG_WARN_OBJC_IMPLICIT_RETAIN_SELF = YES;
				CLANG_WARN_OBJC_LITERAL_CONVERSION = YES;
				CLANG_WARN_OBJC_ROOT_CLASS = YES_ERROR;
				CLANG_WARN_QUOTED_INCLUDE_IN_FRAMEWORK_HEADER = YES;
				CLANG_WARN_RANGE_LOOP_ANALYSIS = YES;
				CLANG_WARN_STRICT_PROTOTYPES = YES;
				CLANG_WARN_SUSPICIOUS_MOVE = YES;
				CLANG_WARN_UNGUARDED_AVAILABILITY = YES_AGGRESSIVE;
				CLANG_WARN_UNREACHABLE_CODE = YES;
				CLANG_WARN__DUPLICATE_METHOD_MATCH = YES;
				COPY_PHASE_STRIP = NO;
				DEBUG_INFORMATION_FORMAT = dwarf;
				ENABLE_STRICT_OBJC_MSGSEND = YES;
				ENABLE_TESTABILITY = YES;
				GCC_C_LANGUAGE_STANDARD = gnu11;
				GCC_DYNAMIC_NO_PIC = NO;
				GCC_NO_COMMON_BLOCKS = YES;
				GCC_OPTIMIZATION_LEVEL = 0;
				GCC_PREPROCESSOR_DEFINITIONS = (
					"DEBUG=1",
					"$(inherited)",
				);
				GCC_WARN_64_TO_32_BIT_CONVERSION = YES;
				GCC_WARN_ABOUT_RETURN_TYPE = YES_ERROR;
				GCC_WARN_UNDECLARED_SELECTOR = YES;
				GCC_WARN_UNINITIALIZED_AUTOS = YES_AGGRESSIVE;
				GCC_WARN_UNUSED_FUNCTION = YES;
				GCC_WARN_UNUSED_VARIABLE = YES;
				MTL_ENABLE_DEBUG_INFO = INCLUDE_SOURCE;
				MTL_FAST_MATH = YES;
				ONLY_ACTIVE_ARCH = YES;
				SWIFT_ACTIVE_COMPILATION_CONDITIONS = DEBUG;
				SWIFT_OPTIMIZATION_LEVEL = "-Onone";
			};
			name = Debug;
		};
		3FB42F212940AC7A000DD169 /* Release */ = {
			isa = XCBuildConfiguration;
			buildSettings = {
				ALWAYS_SEARCH_USER_PATHS = NO;
				CLANG_ANALYZER_NONNULL = YES;
				CLANG_ANALYZER_NUMBER_OBJECT_CONVERSION = YES_AGGRESSIVE;
				CLANG_CXX_LANGUAGE_STANDARD = "gnu++20";
				CLANG_ENABLE_MODULES = YES;
				CLANG_ENABLE_OBJC_ARC = YES;
				CLANG_ENABLE_OBJC_WEAK = YES;
				CLANG_WARN_BLOCK_CAPTURE_AUTORELEASING = YES;
				CLANG_WARN_BOOL_CONVERSION = YES;
				CLANG_WARN_COMMA = YES;
				CLANG_WARN_CONSTANT_CONVERSION = YES;
				CLANG_WARN_DEPRECATED_OBJC_IMPLEMENTATIONS = YES;
				CLANG_WARN_DIRECT_OBJC_ISA_USAGE = YES_ERROR;
				CLANG_WARN_DOCUMENTATION_COMMENTS = YES;
				CLANG_WARN_EMPTY_BODY = YES;
				CLANG_WARN_ENUM_CONVERSION = YES;
				CLANG_WARN_INFINITE_RECURSION = YES;
				CLANG_WARN_INT_CONVERSION = YES;
				CLANG_WARN_NON_LITERAL_NULL_CONVERSION = YES;
				CLANG_WARN_OBJC_IMPLICIT_RETAIN_SELF = YES;
				CLANG_WARN_OBJC_LITERAL_CONVERSION = YES;
				CLANG_WARN_OBJC_ROOT_CLASS = YES_ERROR;
				CLANG_WARN_QUOTED_INCLUDE_IN_FRAMEWORK_HEADER = YES;
				CLANG_WARN_RANGE_LOOP_ANALYSIS = YES;
				CLANG_WARN_STRICT_PROTOTYPES = YES;
				CLANG_WARN_SUSPICIOUS_MOVE = YES;
				CLANG_WARN_UNGUARDED_AVAILABILITY = YES_AGGRESSIVE;
				CLANG_WARN_UNREACHABLE_CODE = YES;
				CLANG_WARN__DUPLICATE_METHOD_MATCH = YES;
				COPY_PHASE_STRIP = NO;
				DEBUG_INFORMATION_FORMAT = "dwarf-with-dsym";
				ENABLE_NS_ASSERTIONS = NO;
				ENABLE_STRICT_OBJC_MSGSEND = YES;
				GCC_C_LANGUAGE_STANDARD = gnu11;
				GCC_NO_COMMON_BLOCKS = YES;
				GCC_WARN_64_TO_32_BIT_CONVERSION = YES;
				GCC_WARN_ABOUT_RETURN_TYPE = YES_ERROR;
				GCC_WARN_UNDECLARED_SELECTOR = YES;
				GCC_WARN_UNINITIALIZED_AUTOS = YES_AGGRESSIVE;
				GCC_WARN_UNUSED_FUNCTION = YES;
				GCC_WARN_UNUSED_VARIABLE = YES;
				MTL_ENABLE_DEBUG_INFO = NO;
				MTL_FAST_MATH = YES;
				SWIFT_COMPILATION_MODE = wholemodule;
				SWIFT_OPTIMIZATION_LEVEL = "-O";
			};
			name = Release;
		};
		3FB42F232940AC7A000DD169 /* Debug */ = {
			isa = XCBuildConfiguration;
			buildSettings = {
				ASSETCATALOG_COMPILER_APPICON_NAME = AppIcon;
				ASSETCATALOG_COMPILER_GLOBAL_ACCENT_COLOR_NAME = AccentColor;
				CODE_SIGN_ENTITLEMENTS = FoodieClientIOS/FoodieClientIOS.entitlements;
				CODE_SIGN_STYLE = Automatic;
				CURRENT_PROJECT_VERSION = 7;
				DEVELOPMENT_ASSET_PATHS = "\"FoodieClientIOS/Preview Content\"";
				DEVELOPMENT_TEAM = 2HR732K89Z;
				ENABLE_HARDENED_RUNTIME = YES;
				ENABLE_PREVIEWS = YES;
				GENERATE_INFOPLIST_FILE = YES;
				INFOPLIST_KEY_NSCameraUsageDescription = "We need to scan Qr code";
				"INFOPLIST_KEY_UIApplicationSceneManifest_Generation[sdk=iphoneos*]" = YES;
				"INFOPLIST_KEY_UIApplicationSceneManifest_Generation[sdk=iphonesimulator*]" = YES;
				"INFOPLIST_KEY_UIApplicationSupportsIndirectInputEvents[sdk=iphoneos*]" = YES;
				"INFOPLIST_KEY_UIApplicationSupportsIndirectInputEvents[sdk=iphonesimulator*]" = YES;
				"INFOPLIST_KEY_UILaunchScreen_Generation[sdk=iphoneos*]" = YES;
				"INFOPLIST_KEY_UILaunchScreen_Generation[sdk=iphonesimulator*]" = YES;
				"INFOPLIST_KEY_UIStatusBarStyle[sdk=iphoneos*]" = UIStatusBarStyleDefault;
				"INFOPLIST_KEY_UIStatusBarStyle[sdk=iphonesimulator*]" = UIStatusBarStyleDefault;
				INFOPLIST_KEY_UISupportedInterfaceOrientations = UIInterfaceOrientationPortrait;
				INFOPLIST_KEY_UIUserInterfaceStyle = Light;
				IPHONEOS_DEPLOYMENT_TARGET = 16.1;
				LD_RUNPATH_SEARCH_PATHS = "@executable_path/Frameworks";
				"LD_RUNPATH_SEARCH_PATHS[sdk=macosx*]" = "@executable_path/../Frameworks";
				MACOSX_DEPLOYMENT_TARGET = 11.0;
				MARKETING_VERSION = 1.0;
				PRODUCT_BUNDLE_IDENTIFIER = com.calogerofriscia.FoodieClientIOS;
				PRODUCT_NAME = "$(TARGET_NAME)";
				SDKROOT = auto;
				SUPPORTED_PLATFORMS = "iphoneos iphonesimulator macosx";
				SWIFT_EMIT_LOC_STRINGS = YES;
				SWIFT_VERSION = 5.0;
				TARGETED_DEVICE_FAMILY = "1,2";
			};
			name = Debug;
		};
		3FB42F242940AC7A000DD169 /* Release */ = {
			isa = XCBuildConfiguration;
			buildSettings = {
				ASSETCATALOG_COMPILER_APPICON_NAME = AppIcon;
				ASSETCATALOG_COMPILER_GLOBAL_ACCENT_COLOR_NAME = AccentColor;
				CODE_SIGN_ENTITLEMENTS = FoodieClientIOS/FoodieClientIOS.entitlements;
				CODE_SIGN_STYLE = Automatic;
				CURRENT_PROJECT_VERSION = 7;
				DEVELOPMENT_ASSET_PATHS = "\"FoodieClientIOS/Preview Content\"";
				DEVELOPMENT_TEAM = 2HR732K89Z;
				ENABLE_HARDENED_RUNTIME = YES;
				ENABLE_PREVIEWS = YES;
				GENERATE_INFOPLIST_FILE = YES;
				INFOPLIST_KEY_NSCameraUsageDescription = "We need to scan Qr code";
				"INFOPLIST_KEY_UIApplicationSceneManifest_Generation[sdk=iphoneos*]" = YES;
				"INFOPLIST_KEY_UIApplicationSceneManifest_Generation[sdk=iphonesimulator*]" = YES;
				"INFOPLIST_KEY_UIApplicationSupportsIndirectInputEvents[sdk=iphoneos*]" = YES;
				"INFOPLIST_KEY_UIApplicationSupportsIndirectInputEvents[sdk=iphonesimulator*]" = YES;
				"INFOPLIST_KEY_UILaunchScreen_Generation[sdk=iphoneos*]" = YES;
				"INFOPLIST_KEY_UILaunchScreen_Generation[sdk=iphonesimulator*]" = YES;
				"INFOPLIST_KEY_UIStatusBarStyle[sdk=iphoneos*]" = UIStatusBarStyleDefault;
				"INFOPLIST_KEY_UIStatusBarStyle[sdk=iphonesimulator*]" = UIStatusBarStyleDefault;
				INFOPLIST_KEY_UISupportedInterfaceOrientations = UIInterfaceOrientationPortrait;
				INFOPLIST_KEY_UIUserInterfaceStyle = Light;
				IPHONEOS_DEPLOYMENT_TARGET = 16.1;
				LD_RUNPATH_SEARCH_PATHS = "@executable_path/Frameworks";
				"LD_RUNPATH_SEARCH_PATHS[sdk=macosx*]" = "@executable_path/../Frameworks";
				MACOSX_DEPLOYMENT_TARGET = 11.0;
				MARKETING_VERSION = 1.0;
				PRODUCT_BUNDLE_IDENTIFIER = com.calogerofriscia.FoodieClientIOS;
				PRODUCT_NAME = "$(TARGET_NAME)";
				SDKROOT = auto;
				SUPPORTED_PLATFORMS = "iphoneos iphonesimulator macosx";
				SWIFT_EMIT_LOC_STRINGS = YES;
				SWIFT_VERSION = 5.0;
				TARGETED_DEVICE_FAMILY = "1,2";
			};
			name = Release;
		};
/* End XCBuildConfiguration section */

/* Begin XCConfigurationList section */
		3FB42F0E2940AC79000DD169 /* Build configuration list for PBXProject "FoodieClientIOS" */ = {
			isa = XCConfigurationList;
			buildConfigurations = (
				3FB42F202940AC7A000DD169 /* Debug */,
				3FB42F212940AC7A000DD169 /* Release */,
			);
			defaultConfigurationIsVisible = 0;
			defaultConfigurationName = Release;
		};
		3FB42F222940AC7A000DD169 /* Build configuration list for PBXNativeTarget "FoodieClientIOS" */ = {
			isa = XCConfigurationList;
			buildConfigurations = (
				3FB42F232940AC7A000DD169 /* Debug */,
				3FB42F242940AC7A000DD169 /* Release */,
			);
			defaultConfigurationIsVisible = 0;
			defaultConfigurationName = Release;
		};
/* End XCConfigurationList section */

/* Begin XCRemoteSwiftPackageReference section */
		3FB251952947737C00BF005D /* XCRemoteSwiftPackageReference "MyFoodiePackage_IOS" */ = {
			isa = XCRemoteSwiftPackageReference;
			repositoryURL = "https://github.com/lf51/MyFoodiePackage_IOS.git";
			requirement = {
				kind = upToNextMajorVersion;
				minimumVersion = 0.0.2;
			};
		};
		3FB42F272940D415000DD169 /* XCRemoteSwiftPackageReference "MyPackView_L0" */ = {
			isa = XCRemoteSwiftPackageReference;
			repositoryURL = "https://github.com/lf51/MyPackView_L0.git";
			requirement = {
				kind = upToNextMajorVersion;
				minimumVersion = 0.0.1;
			};
		};
		3FB42F302940E698000DD169 /* XCRemoteSwiftPackageReference "CodeScanner" */ = {
			isa = XCRemoteSwiftPackageReference;
			repositoryURL = "https://github.com/twostraws/CodeScanner";
			requirement = {
				kind = upToNextMajorVersion;
				minimumVersion = 2.0.0;
			};
		};
		3FD854052941F0A700F7CC98 /* XCRemoteSwiftPackageReference "firebase-ios-sdk" */ = {
			isa = XCRemoteSwiftPackageReference;
			repositoryURL = "https://github.com/firebase/firebase-ios-sdk";
			requirement = {
				kind = upToNextMajorVersion;
				minimumVersion = 9.0.0;
			};
		};
/* End XCRemoteSwiftPackageReference section */

/* Begin XCSwiftPackageProductDependency section */
		3F7FAA15294B65F2000C4739 /* FirebaseFirestoreSwift */ = {
			isa = XCSwiftPackageProductDependency;
			package = 3FD854052941F0A700F7CC98 /* XCRemoteSwiftPackageReference "firebase-ios-sdk" */;
			productName = FirebaseFirestoreSwift;
		};
		3FA887352951BA550094058A /* MyFilterPackage */ = {
			isa = XCSwiftPackageProductDependency;
			productName = MyFilterPackage;
		};
		3FB251962947737C00BF005D /* MyFoodiePackage */ = {
			isa = XCSwiftPackageProductDependency;
			package = 3FB251952947737C00BF005D /* XCRemoteSwiftPackageReference "MyFoodiePackage_IOS" */;
			productName = MyFoodiePackage;
		};
		3FB42F312940E698000DD169 /* CodeScanner */ = {
			isa = XCSwiftPackageProductDependency;
			package = 3FB42F302940E698000DD169 /* XCRemoteSwiftPackageReference "CodeScanner" */;
			productName = CodeScanner;
		};
		3FC96157295EF8FB00D0E01A /* MyPackView_L0 */ = {
			isa = XCSwiftPackageProductDependency;
			package = 3FB42F272940D415000DD169 /* XCRemoteSwiftPackageReference "MyPackView_L0" */;
			productName = MyPackView_L0;
		};
		3FD854062941F0A700F7CC98 /* FirebaseAuth */ = {
			isa = XCSwiftPackageProductDependency;
			package = 3FD854052941F0A700F7CC98 /* XCRemoteSwiftPackageReference "firebase-ios-sdk" */;
			productName = FirebaseAuth;
		};
		3FD854082941F0A700F7CC98 /* FirebaseDynamicLinks */ = {
			isa = XCSwiftPackageProductDependency;
			package = 3FD854052941F0A700F7CC98 /* XCRemoteSwiftPackageReference "firebase-ios-sdk" */;
			productName = FirebaseDynamicLinks;
		};
		3FD8540A2941F0A700F7CC98 /* FirebaseFirestore */ = {
			isa = XCSwiftPackageProductDependency;
			package = 3FD854052941F0A700F7CC98 /* XCRemoteSwiftPackageReference "firebase-ios-sdk" */;
			productName = FirebaseFirestore;
		};
		3FD8540C2941F0A700F7CC98 /* FirebaseStorage */ = {
			isa = XCSwiftPackageProductDependency;
			package = 3FD854052941F0A700F7CC98 /* XCRemoteSwiftPackageReference "firebase-ios-sdk" */;
			productName = FirebaseStorage;
		};
/* End XCSwiftPackageProductDependency section */
	};
	rootObject = 3FB42F0B2940AC79000DD169 /* Project object */;
}
